
Microsoft Visual Studio Solution File, Format Version 12.00
# Visual Studio Version 17
VisualStudioVersion = 17.0.31919.166
MinimumVisualStudioVersion = 10.0.40219.1
Project("{8BC9CEB8-8B4A-11D0-8D11-00A0C91BC942}") = "Task_2", "Task_2\Task_2.vcxproj", "{35847AA5-61C4-442E-97F8-060B30ABFA92}"
EndProject
Project("{8BC9CEB8-8B4A-11D0-8D11-00A0C91BC942}") = "Task_3", "Task_3\Task_3.vcxproj", "{8F353D1A-A1F4-45A9-B52E-B03B949492FE}"
EndProject
Project("{8BC9CEB8-8B4A-11D0-8D11-00A0C91BC942}") = "Task_4", "Task_4\Task_4.vcxproj", "{103A6BFE-3306-4096-BA04-C0395D5FD140}"
EndProject
Project("{8BC9CEB8-8B4A-11D0-8D11-00A0C91BC942}") = "Task_5", "Task_5\Task_5.vcxproj", "{2B5A4527-EF79-4F69-A720-534FEBA8D961}"
EndProject
Project("{8BC9CEB8-8B4A-11D0-8D11-00A0C91BC942}") = "Task_6", "Task_6\Task_6.vcxproj", "{A1F6B0DB-9262-4AA0-A86B-B4777D04A071}"
EndProject
Project("{8BC9CEB8-8B4A-11D0-8D11-00A0C91BC942}") = "Task_7", "Task_7\Task_7.vcxproj", "{D3F25E96-95FD-49D6-955B-B287DFCEF6F3}"
EndProject
Project("{8BC9CEB8-8B4A-11D0-8D11-00A0C91BC942}") = "Task_1.2", "Task_1.2\Task_1.2.vcxproj", "{772BCAFC-DE1C-424B-B253-4F1BAC5FAD4A}"
EndProject
Project("{8BC9CEB8-8B4A-11D0-8D11-00A0C91BC942}") = "Task_8", "Task_8\Task_8.vcxproj", "{7AE41EA7-C983-4B1B-9A02-D92BF555C98F}"
EndProject
Project("{8BC9CEB8-8B4A-11D0-8D11-00A0C91BC942}") = "Task_9", "Task_9\Task_9.vcxproj", "{77339B45-6206-4E22-8B05-DAA5EC71C8F3}"
EndProject
Project("{8BC9CEB8-8B4A-11D0-8D11-00A0C91BC942}") = "Task_10", "Task_10\Task_10.vcxproj", "{973D85D2-BC3F-4EAD-A5AC-FFA70A6F6B4F}"
EndProject
Project("{8BC9CEB8-8B4A-11D0-8D11-00A0C91BC942}") = "Task_1.1", "Task_1.1\Task_1.1.vcxproj", "{C4BCAB96-DADA-4E1E-B171-DC76BFE24B84}"
EndProject
Project("{2150E333-8FDC-42A3-9474-1A3956D46DE8}") = "Test", "Test", "{1661BCDD-2701-4B84-9606-F6AF891A13BD}"
EndProject
Project("{8BC9CEB8-8B4A-11D0-8D11-00A0C91BC942}") = "Test_1.1", "Test_1.1\Test_1.1.vcxproj", "{71D2AF0B-1838-4805-AEAF-9BAA6F97CA2D}"
EndProject
Project("{8BC9CEB8-8B4A-11D0-8D11-00A0C91BC942}") = "Test_1.2", "Test_1.2\Test_1.2.vcxproj", "{6A7CA466-7E49-4AD5-B2F2-229F9848DF31}"
EndProject
Project("{8BC9CEB8-8B4A-11D0-8D11-00A0C91BC942}") = "Test_2", "Test_2\Test_2.vcxproj", "{DDFA85C3-4758-43AF-9019-8E402C1D77C2}"
EndProject
Project("{8BC9CEB8-8B4A-11D0-8D11-00A0C91BC942}") = "Test_3", "Test_3\Test_3.vcxproj", "{1D312B03-80CA-4281-BF0F-4D5FE93943DE}"
EndProject
Project("{8BC9CEB8-8B4A-11D0-8D11-00A0C91BC942}") = "Test_4", "Test_4\Test_4.vcxproj", "{994AFF8E-9590-4B04-855A-653E2E6ECD59}"
EndProject
Project("{8BC9CEB8-8B4A-11D0-8D11-00A0C91BC942}") = "Test_5", "Test_5\Test_5.vcxproj", "{651E39DB-4EA1-4CBA-BAB7-637D0E8C9F1E}"
EndProject
Project("{8BC9CEB8-8B4A-11D0-8D11-00A0C91BC942}") = "Test_6", "Test_6\Test_6.vcxproj", "{CF8878B7-B679-4BB7-B3E3-19B06CE47F5B}"
EndProject
Project("{8BC9CEB8-8B4A-11D0-8D11-00A0C91BC942}") = "Test_7", "Test_7\Test_7.vcxproj", "{56FB8C7B-D85D-4911-81A7-DDE651825197}"
EndProject
Project("{8BC9CEB8-8B4A-11D0-8D11-00A0C91BC942}") = "Test_8", "Test_8\Test_8.vcxproj", "{499F7042-E445-4DBE-9BEA-AF6F347642DB}"
EndProject
Project("{8BC9CEB8-8B4A-11D0-8D11-00A0C91BC942}") = "Test_9", "Test_9\Test_9.vcxproj", "{D58B2CD2-5858-460A-A16A-09969BA1ED22}"
EndProject
Project("{8BC9CEB8-8B4A-11D0-8D11-00A0C91BC942}") = "Task_8test", "Task_8test\Task_8test.vcxproj", "{0064C466-1C85-4AFC-9944-1C1DE574CF83}"
EndProject
Project("{8BC9CEB8-8B4A-11D0-8D11-00A0C91BC942}") = "Task_8_vector", "Task_8_vector\Task_8_vector.vcxproj", "{C9677ABB-7686-488E-BF3F-51201A1AD3A4}"
EndProject
Global
	GlobalSection(SolutionConfigurationPlatforms) = preSolution
		Debug|x64 = Debug|x64
		Debug|x86 = Debug|x86
		Release|x64 = Release|x64
		Release|x86 = Release|x86
	EndGlobalSection
	GlobalSection(ProjectConfigurationPlatforms) = postSolution
		{35847AA5-61C4-442E-97F8-060B30ABFA92}.Debug|x64.ActiveCfg = Debug|x64
		{35847AA5-61C4-442E-97F8-060B30ABFA92}.Debug|x64.Build.0 = Debug|x64
		{35847AA5-61C4-442E-97F8-060B30ABFA92}.Debug|x86.ActiveCfg = Debug|Win32
		{35847AA5-61C4-442E-97F8-060B30ABFA92}.Debug|x86.Build.0 = Debug|Win32
		{35847AA5-61C4-442E-97F8-060B30ABFA92}.Release|x64.ActiveCfg = Release|x64
		{35847AA5-61C4-442E-97F8-060B30ABFA92}.Release|x64.Build.0 = Release|x64
		{35847AA5-61C4-442E-97F8-060B30ABFA92}.Release|x86.ActiveCfg = Release|Win32
		{35847AA5-61C4-442E-97F8-060B30ABFA92}.Release|x86.Build.0 = Release|Win32
		{8F353D1A-A1F4-45A9-B52E-B03B949492FE}.Debug|x64.ActiveCfg = Debug|x64
		{8F353D1A-A1F4-45A9-B52E-B03B949492FE}.Debug|x64.Build.0 = Debug|x64
		{8F353D1A-A1F4-45A9-B52E-B03B949492FE}.Debug|x86.ActiveCfg = Debug|Win32
		{8F353D1A-A1F4-45A9-B52E-B03B949492FE}.Debug|x86.Build.0 = Debug|Win32
		{8F353D1A-A1F4-45A9-B52E-B03B949492FE}.Release|x64.ActiveCfg = Release|x64
		{8F353D1A-A1F4-45A9-B52E-B03B949492FE}.Release|x64.Build.0 = Release|x64
		{8F353D1A-A1F4-45A9-B52E-B03B949492FE}.Release|x86.ActiveCfg = Release|Win32
		{8F353D1A-A1F4-45A9-B52E-B03B949492FE}.Release|x86.Build.0 = Release|Win32
		{103A6BFE-3306-4096-BA04-C0395D5FD140}.Debug|x64.ActiveCfg = Debug|x64
		{103A6BFE-3306-4096-BA04-C0395D5FD140}.Debug|x64.Build.0 = Debug|x64
		{103A6BFE-3306-4096-BA04-C0395D5FD140}.Debug|x86.ActiveCfg = Debug|Win32
		{103A6BFE-3306-4096-BA04-C0395D5FD140}.Debug|x86.Build.0 = Debug|Win32
		{103A6BFE-3306-4096-BA04-C0395D5FD140}.Release|x64.ActiveCfg = Release|x64
		{103A6BFE-3306-4096-BA04-C0395D5FD140}.Release|x64.Build.0 = Release|x64
		{103A6BFE-3306-4096-BA04-C0395D5FD140}.Release|x86.ActiveCfg = Release|Win32
		{103A6BFE-3306-4096-BA04-C0395D5FD140}.Release|x86.Build.0 = Release|Win32
		{2B5A4527-EF79-4F69-A720-534FEBA8D961}.Debug|x64.ActiveCfg = Debug|x64
		{2B5A4527-EF79-4F69-A720-534FEBA8D961}.Debug|x64.Build.0 = Debug|x64
		{2B5A4527-EF79-4F69-A720-534FEBA8D961}.Debug|x86.ActiveCfg = Debug|Win32
		{2B5A4527-EF79-4F69-A720-534FEBA8D961}.Debug|x86.Build.0 = Debug|Win32
		{2B5A4527-EF79-4F69-A720-534FEBA8D961}.Release|x64.ActiveCfg = Release|x64
		{2B5A4527-EF79-4F69-A720-534FEBA8D961}.Release|x64.Build.0 = Release|x64
		{2B5A4527-EF79-4F69-A720-534FEBA8D961}.Release|x86.ActiveCfg = Release|Win32
		{2B5A4527-EF79-4F69-A720-534FEBA8D961}.Release|x86.Build.0 = Release|Win32
		{A1F6B0DB-9262-4AA0-A86B-B4777D04A071}.Debug|x64.ActiveCfg = Debug|x64
		{A1F6B0DB-9262-4AA0-A86B-B4777D04A071}.Debug|x64.Build.0 = Debug|x64
		{A1F6B0DB-9262-4AA0-A86B-B4777D04A071}.Debug|x86.ActiveCfg = Debug|Win32
		{A1F6B0DB-9262-4AA0-A86B-B4777D04A071}.Debug|x86.Build.0 = Debug|Win32
		{A1F6B0DB-9262-4AA0-A86B-B4777D04A071}.Release|x64.ActiveCfg = Release|x64
		{A1F6B0DB-9262-4AA0-A86B-B4777D04A071}.Release|x64.Build.0 = Release|x64
		{A1F6B0DB-9262-4AA0-A86B-B4777D04A071}.Release|x86.ActiveCfg = Release|Win32
		{A1F6B0DB-9262-4AA0-A86B-B4777D04A071}.Release|x86.Build.0 = Release|Win32
		{D3F25E96-95FD-49D6-955B-B287DFCEF6F3}.Debug|x64.ActiveCfg = Debug|x64
		{D3F25E96-95FD-49D6-955B-B287DFCEF6F3}.Debug|x64.Build.0 = Debug|x64
		{D3F25E96-95FD-49D6-955B-B287DFCEF6F3}.Debug|x86.ActiveCfg = Debug|Win32
		{D3F25E96-95FD-49D6-955B-B287DFCEF6F3}.Debug|x86.Build.0 = Debug|Win32
		{D3F25E96-95FD-49D6-955B-B287DFCEF6F3}.Release|x64.ActiveCfg = Release|x64
		{D3F25E96-95FD-49D6-955B-B287DFCEF6F3}.Release|x64.Build.0 = Release|x64
		{D3F25E96-95FD-49D6-955B-B287DFCEF6F3}.Release|x86.ActiveCfg = Release|Win32
		{D3F25E96-95FD-49D6-955B-B287DFCEF6F3}.Release|x86.Build.0 = Release|Win32
		{772BCAFC-DE1C-424B-B253-4F1BAC5FAD4A}.Debug|x64.ActiveCfg = Debug|x64
		{772BCAFC-DE1C-424B-B253-4F1BAC5FAD4A}.Debug|x64.Build.0 = Debug|x64
		{772BCAFC-DE1C-424B-B253-4F1BAC5FAD4A}.Debug|x86.ActiveCfg = Debug|Win32
		{772BCAFC-DE1C-424B-B253-4F1BAC5FAD4A}.Debug|x86.Build.0 = Debug|Win32
		{772BCAFC-DE1C-424B-B253-4F1BAC5FAD4A}.Release|x64.ActiveCfg = Release|x64
		{772BCAFC-DE1C-424B-B253-4F1BAC5FAD4A}.Release|x64.Build.0 = Release|x64
		{772BCAFC-DE1C-424B-B253-4F1BAC5FAD4A}.Release|x86.ActiveCfg = Release|Win32
		{772BCAFC-DE1C-424B-B253-4F1BAC5FAD4A}.Release|x86.Build.0 = Release|Win32
		{7AE41EA7-C983-4B1B-9A02-D92BF555C98F}.Debug|x64.ActiveCfg = Debug|x64
		{7AE41EA7-C983-4B1B-9A02-D92BF555C98F}.Debug|x64.Build.0 = Debug|x64
		{7AE41EA7-C983-4B1B-9A02-D92BF555C98F}.Debug|x86.ActiveCfg = Debug|Win32
		{7AE41EA7-C983-4B1B-9A02-D92BF555C98F}.Debug|x86.Build.0 = Debug|Win32
		{7AE41EA7-C983-4B1B-9A02-D92BF555C98F}.Release|x64.ActiveCfg = Release|x64
		{7AE41EA7-C983-4B1B-9A02-D92BF555C98F}.Release|x64.Build.0 = Release|x64
		{7AE41EA7-C983-4B1B-9A02-D92BF555C98F}.Release|x86.ActiveCfg = Release|Win32
		{7AE41EA7-C983-4B1B-9A02-D92BF555C98F}.Release|x86.Build.0 = Release|Win32
		{77339B45-6206-4E22-8B05-DAA5EC71C8F3}.Debug|x64.ActiveCfg = Debug|x64
		{77339B45-6206-4E22-8B05-DAA5EC71C8F3}.Debug|x64.Build.0 = Debug|x64
		{77339B45-6206-4E22-8B05-DAA5EC71C8F3}.Debug|x86.ActiveCfg = Debug|Win32
		{77339B45-6206-4E22-8B05-DAA5EC71C8F3}.Debug|x86.Build.0 = Debug|Win32
		{77339B45-6206-4E22-8B05-DAA5EC71C8F3}.Release|x64.ActiveCfg = Release|x64
		{77339B45-6206-4E22-8B05-DAA5EC71C8F3}.Release|x64.Build.0 = Release|x64
		{77339B45-6206-4E22-8B05-DAA5EC71C8F3}.Release|x86.ActiveCfg = Release|Win32
		{77339B45-6206-4E22-8B05-DAA5EC71C8F3}.Release|x86.Build.0 = Release|Win32
		{973D85D2-BC3F-4EAD-A5AC-FFA70A6F6B4F}.Debug|x64.ActiveCfg = Debug|x64
		{973D85D2-BC3F-4EAD-A5AC-FFA70A6F6B4F}.Debug|x64.Build.0 = Debug|x64
		{973D85D2-BC3F-4EAD-A5AC-FFA70A6F6B4F}.Debug|x86.ActiveCfg = Debug|Win32
		{973D85D2-BC3F-4EAD-A5AC-FFA70A6F6B4F}.Debug|x86.Build.0 = Debug|Win32
		{973D85D2-BC3F-4EAD-A5AC-FFA70A6F6B4F}.Release|x64.ActiveCfg = Release|x64
		{973D85D2-BC3F-4EAD-A5AC-FFA70A6F6B4F}.Release|x64.Build.0 = Release|x64
		{973D85D2-BC3F-4EAD-A5AC-FFA70A6F6B4F}.Release|x86.ActiveCfg = Release|Win32
		{973D85D2-BC3F-4EAD-A5AC-FFA70A6F6B4F}.Release|x86.Build.0 = Release|Win32
		{C4BCAB96-DADA-4E1E-B171-DC76BFE24B84}.Debug|x64.ActiveCfg = Debug|x64
		{C4BCAB96-DADA-4E1E-B171-DC76BFE24B84}.Debug|x64.Build.0 = Debug|x64
		{C4BCAB96-DADA-4E1E-B171-DC76BFE24B84}.Debug|x86.ActiveCfg = Debug|Win32
		{C4BCAB96-DADA-4E1E-B171-DC76BFE24B84}.Debug|x86.Build.0 = Debug|Win32
		{C4BCAB96-DADA-4E1E-B171-DC76BFE24B84}.Release|x64.ActiveCfg = Release|x64
		{C4BCAB96-DADA-4E1E-B171-DC76BFE24B84}.Release|x64.Build.0 = Release|x64
		{C4BCAB96-DADA-4E1E-B171-DC76BFE24B84}.Release|x86.ActiveCfg = Release|Win32
		{C4BCAB96-DADA-4E1E-B171-DC76BFE24B84}.Release|x86.Build.0 = Release|Win32
		{71D2AF0B-1838-4805-AEAF-9BAA6F97CA2D}.Debug|x64.ActiveCfg = Debug|x64
		{71D2AF0B-1838-4805-AEAF-9BAA6F97CA2D}.Debug|x64.Build.0 = Debug|x64
		{71D2AF0B-1838-4805-AEAF-9BAA6F97CA2D}.Debug|x86.ActiveCfg = Debug|Win32
		{71D2AF0B-1838-4805-AEAF-9BAA6F97CA2D}.Debug|x86.Build.0 = Debug|Win32
		{71D2AF0B-1838-4805-AEAF-9BAA6F97CA2D}.Release|x64.ActiveCfg = Release|x64
		{71D2AF0B-1838-4805-AEAF-9BAA6F97CA2D}.Release|x64.Build.0 = Release|x64
		{71D2AF0B-1838-4805-AEAF-9BAA6F97CA2D}.Release|x86.ActiveCfg = Release|Win32
		{71D2AF0B-1838-4805-AEAF-9BAA6F97CA2D}.Release|x86.Build.0 = Release|Win32
		{6A7CA466-7E49-4AD5-B2F2-229F9848DF31}.Debug|x64.ActiveCfg = Debug|x64
		{6A7CA466-7E49-4AD5-B2F2-229F9848DF31}.Debug|x64.Build.0 = Debug|x64
		{6A7CA466-7E49-4AD5-B2F2-229F9848DF31}.Debug|x86.ActiveCfg = Debug|Win32
		{6A7CA466-7E49-4AD5-B2F2-229F9848DF31}.Debug|x86.Build.0 = Debug|Win32
		{6A7CA466-7E49-4AD5-B2F2-229F9848DF31}.Release|x64.ActiveCfg = Release|x64
		{6A7CA466-7E49-4AD5-B2F2-229F9848DF31}.Release|x64.Build.0 = Release|x64
		{6A7CA466-7E49-4AD5-B2F2-229F9848DF31}.Release|x86.ActiveCfg = Release|Win32
		{6A7CA466-7E49-4AD5-B2F2-229F9848DF31}.Release|x86.Build.0 = Release|Win32
		{DDFA85C3-4758-43AF-9019-8E402C1D77C2}.Debug|x64.ActiveCfg = Debug|x64
		{DDFA85C3-4758-43AF-9019-8E402C1D77C2}.Debug|x64.Build.0 = Debug|x64
		{DDFA85C3-4758-43AF-9019-8E402C1D77C2}.Debug|x86.ActiveCfg = Debug|Win32
		{DDFA85C3-4758-43AF-9019-8E402C1D77C2}.Debug|x86.Build.0 = Debug|Win32
		{DDFA85C3-4758-43AF-9019-8E402C1D77C2}.Release|x64.ActiveCfg = Release|x64
		{DDFA85C3-4758-43AF-9019-8E402C1D77C2}.Release|x64.Build.0 = Release|x64
		{DDFA85C3-4758-43AF-9019-8E402C1D77C2}.Release|x86.ActiveCfg = Release|Win32
		{DDFA85C3-4758-43AF-9019-8E402C1D77C2}.Release|x86.Build.0 = Release|Win32
		{1D312B03-80CA-4281-BF0F-4D5FE93943DE}.Debug|x64.ActiveCfg = Debug|x64
		{1D312B03-80CA-4281-BF0F-4D5FE93943DE}.Debug|x64.Build.0 = Debug|x64
		{1D312B03-80CA-4281-BF0F-4D5FE93943DE}.Debug|x86.ActiveCfg = Debug|Win32
		{1D312B03-80CA-4281-BF0F-4D5FE93943DE}.Debug|x86.Build.0 = Debug|Win32
		{1D312B03-80CA-4281-BF0F-4D5FE93943DE}.Release|x64.ActiveCfg = Release|x64
		{1D312B03-80CA-4281-BF0F-4D5FE93943DE}.Release|x64.Build.0 = Release|x64
		{1D312B03-80CA-4281-BF0F-4D5FE93943DE}.Release|x86.ActiveCfg = Release|Win32
		{1D312B03-80CA-4281-BF0F-4D5FE93943DE}.Release|x86.Build.0 = Release|Win32
		{994AFF8E-9590-4B04-855A-653E2E6ECD59}.Debug|x64.ActiveCfg = Debug|x64
		{994AFF8E-9590-4B04-855A-653E2E6ECD59}.Debug|x64.Build.0 = Debug|x64
		{994AFF8E-9590-4B04-855A-653E2E6ECD59}.Debug|x86.ActiveCfg = Debug|Win32
		{994AFF8E-9590-4B04-855A-653E2E6ECD59}.Debug|x86.Build.0 = Debug|Win32
		{994AFF8E-9590-4B04-855A-653E2E6ECD59}.Release|x64.ActiveCfg = Release|x64
		{994AFF8E-9590-4B04-855A-653E2E6ECD59}.Release|x64.Build.0 = Release|x64
		{994AFF8E-9590-4B04-855A-653E2E6ECD59}.Release|x86.ActiveCfg = Release|Win32
		{994AFF8E-9590-4B04-855A-653E2E6ECD59}.Release|x86.Build.0 = Release|Win32
		{651E39DB-4EA1-4CBA-BAB7-637D0E8C9F1E}.Debug|x64.ActiveCfg = Debug|x64
		{651E39DB-4EA1-4CBA-BAB7-637D0E8C9F1E}.Debug|x64.Build.0 = Debug|x64
		{651E39DB-4EA1-4CBA-BAB7-637D0E8C9F1E}.Debug|x86.ActiveCfg = Debug|Win32
		{651E39DB-4EA1-4CBA-BAB7-637D0E8C9F1E}.Debug|x86.Build.0 = Debug|Win32
		{651E39DB-4EA1-4CBA-BAB7-637D0E8C9F1E}.Release|x64.ActiveCfg = Release|x64
		{651E39DB-4EA1-4CBA-BAB7-637D0E8C9F1E}.Release|x64.Build.0 = Release|x64
		{651E39DB-4EA1-4CBA-BAB7-637D0E8C9F1E}.Release|x86.ActiveCfg = Release|Win32
		{651E39DB-4EA1-4CBA-BAB7-637D0E8C9F1E}.Release|x86.Build.0 = Release|Win32
		{CF8878B7-B679-4BB7-B3E3-19B06CE47F5B}.Debug|x64.ActiveCfg = Debug|x64
		{CF8878B7-B679-4BB7-B3E3-19B06CE47F5B}.Debug|x64.Build.0 = Debug|x64
		{CF8878B7-B679-4BB7-B3E3-19B06CE47F5B}.Debug|x86.ActiveCfg = Debug|Win32
		{CF8878B7-B679-4BB7-B3E3-19B06CE47F5B}.Debug|x86.Build.0 = Debug|Win32
		{CF8878B7-B679-4BB7-B3E3-19B06CE47F5B}.Release|x64.ActiveCfg = Release|x64
		{CF8878B7-B679-4BB7-B3E3-19B06CE47F5B}.Release|x64.Build.0 = Release|x64
		{CF8878B7-B679-4BB7-B3E3-19B06CE47F5B}.Release|x86.ActiveCfg = Release|Win32
		{CF8878B7-B679-4BB7-B3E3-19B06CE47F5B}.Release|x86.Build.0 = Release|Win32
		{56FB8C7B-D85D-4911-81A7-DDE651825197}.Debug|x64.ActiveCfg = Debug|x64
		{56FB8C7B-D85D-4911-81A7-DDE651825197}.Debug|x64.Build.0 = Debug|x64
		{56FB8C7B-D85D-4911-81A7-DDE651825197}.Debug|x86.ActiveCfg = Debug|Win32
		{56FB8C7B-D85D-4911-81A7-DDE651825197}.Debug|x86.Build.0 = Debug|Win32
		{56FB8C7B-D85D-4911-81A7-DDE651825197}.Release|x64.ActiveCfg = Release|x64
		{56FB8C7B-D85D-4911-81A7-DDE651825197}.Release|x64.Build.0 = Release|x64
		{56FB8C7B-D85D-4911-81A7-DDE651825197}.Release|x86.ActiveCfg = Release|Win32
		{56FB8C7B-D85D-4911-81A7-DDE651825197}.Release|x86.Build.0 = Release|Win32
		{499F7042-E445-4DBE-9BEA-AF6F347642DB}.Debug|x64.ActiveCfg = Debug|x64
		{499F7042-E445-4DBE-9BEA-AF6F347642DB}.Debug|x64.Build.0 = Debug|x64
		{499F7042-E445-4DBE-9BEA-AF6F347642DB}.Debug|x86.ActiveCfg = Debug|Win32
		{499F7042-E445-4DBE-9BEA-AF6F347642DB}.Debug|x86.Build.0 = Debug|Win32
		{499F7042-E445-4DBE-9BEA-AF6F347642DB}.Release|x64.ActiveCfg = Release|x64
		{499F7042-E445-4DBE-9BEA-AF6F347642DB}.Release|x64.Build.0 = Release|x64
		{499F7042-E445-4DBE-9BEA-AF6F347642DB}.Release|x86.ActiveCfg = Release|Win32
		{499F7042-E445-4DBE-9BEA-AF6F347642DB}.Release|x86.Build.0 = Release|Win32
		{D58B2CD2-5858-460A-A16A-09969BA1ED22}.Debug|x64.ActiveCfg = Debug|x64
		{D58B2CD2-5858-460A-A16A-09969BA1ED22}.Debug|x64.Build.0 = Debug|x64
		{D58B2CD2-5858-460A-A16A-09969BA1ED22}.Debug|x86.ActiveCfg = Debug|Win32
		{D58B2CD2-5858-460A-A16A-09969BA1ED22}.Debug|x86.Build.0 = Debug|Win32
		{D58B2CD2-5858-460A-A16A-09969BA1ED22}.Release|x64.ActiveCfg = Release|x64
		{D58B2CD2-5858-460A-A16A-09969BA1ED22}.Release|x64.Build.0 = Release|x64
		{D58B2CD2-5858-460A-A16A-09969BA1ED22}.Release|x86.ActiveCfg = Release|Win32
		{D58B2CD2-5858-460A-A16A-09969BA1ED22}.Release|x86.Build.0 = Release|Win32
		{0064C466-1C85-4AFC-9944-1C1DE574CF83}.Debug|x64.ActiveCfg = Debug|x64
		{0064C466-1C85-4AFC-9944-1C1DE574CF83}.Debug|x64.Build.0 = Debug|x64
		{0064C466-1C85-4AFC-9944-1C1DE574CF83}.Debug|x86.ActiveCfg = Debug|Win32
		{0064C466-1C85-4AFC-9944-1C1DE574CF83}.Debug|x86.Build.0 = Debug|Win32
		{0064C466-1C85-4AFC-9944-1C1DE574CF83}.Release|x64.ActiveCfg = Release|x64
		{0064C466-1C85-4AFC-9944-1C1DE574CF83}.Release|x64.Build.0 = Release|x64
		{0064C466-1C85-4AFC-9944-1C1DE574CF83}.Release|x86.ActiveCfg = Release|Win32
		{0064C466-1C85-4AFC-9944-1C1DE574CF83}.Release|x86.Build.0 = Release|Win32
		{C9677ABB-7686-488E-BF3F-51201A1AD3A4}.Debug|x64.ActiveCfg = Debug|x64
		{C9677ABB-7686-488E-BF3F-51201A1AD3A4}.Debug|x64.Build.0 = Debug|x64
		{C9677ABB-7686-488E-BF3F-51201A1AD3A4}.Debug|x86.ActiveCfg = Debug|Win32
		{C9677ABB-7686-488E-BF3F-51201A1AD3A4}.Debug|x86.Build.0 = Debug|Win32
		{C9677ABB-7686-488E-BF3F-51201A1AD3A4}.Release|x64.ActiveCfg = Release|x64
		{C9677ABB-7686-488E-BF3F-51201A1AD3A4}.Release|x64.Build.0 = Release|x64
		{C9677ABB-7686-488E-BF3F-51201A1AD3A4}.Release|x86.ActiveCfg = Release|Win32
		{C9677ABB-7686-488E-BF3F-51201A1AD3A4}.Release|x86.Build.0 = Release|Win32
	EndGlobalSection
	GlobalSection(SolutionProperties) = preSolution
		HideSolutionNode = FALSE
	EndGlobalSection
	GlobalSection(NestedProjects) = preSolution
		{71D2AF0B-1838-4805-AEAF-9BAA6F97CA2D} = {1661BCDD-2701-4B84-9606-F6AF891A13BD}
		{6A7CA466-7E49-4AD5-B2F2-229F9848DF31} = {1661BCDD-2701-4B84-9606-F6AF891A13BD}
		{DDFA85C3-4758-43AF-9019-8E402C1D77C2} = {1661BCDD-2701-4B84-9606-F6AF891A13BD}
		{1D312B03-80CA-4281-BF0F-4D5FE93943DE} = {1661BCDD-2701-4B84-9606-F6AF891A13BD}
		{994AFF8E-9590-4B04-855A-653E2E6ECD59} = {1661BCDD-2701-4B84-9606-F6AF891A13BD}
		{651E39DB-4EA1-4CBA-BAB7-637D0E8C9F1E} = {1661BCDD-2701-4B84-9606-F6AF891A13BD}
		{CF8878B7-B679-4BB7-B3E3-19B06CE47F5B} = {1661BCDD-2701-4B84-9606-F6AF891A13BD}
		{56FB8C7B-D85D-4911-81A7-DDE651825197} = {1661BCDD-2701-4B84-9606-F6AF891A13BD}
		{499F7042-E445-4DBE-9BEA-AF6F347642DB} = {1661BCDD-2701-4B84-9606-F6AF891A13BD}
		{D58B2CD2-5858-460A-A16A-09969BA1ED22} = {1661BCDD-2701-4B84-9606-F6AF891A13BD}
	EndGlobalSection
	GlobalSection(ExtensibilityGlobals) = postSolution
		SolutionGuid = {623A270A-9401-4BBF-B8C6-0824CBB70D33}
	EndGlobalSection
EndGlobal
