
Microsoft Visual Studio Solution File, Format Version 12.00
# Visual Studio Version 16
VisualStudioVersion = 16.0.29926.136
MinimumVisualStudioVersion = 10.0.40219.1
Project("{8BC9CEB8-8B4A-11D0-8D11-00A0C91BC942}") = "Task_1", "Task_1\Task_1.vcxproj", "{930AFCD8-ED18-4772-AFFF-9F6523376CB8}"
EndProject
Project("{8BC9CEB8-8B4A-11D0-8D11-00A0C91BC942}") = "Task_2", "Task_2\Task_2.vcxproj", "{09A3FB10-6B77-4AFF-9B10-EC9D9E39A60D}"
EndProject
Project("{8BC9CEB8-8B4A-11D0-8D11-00A0C91BC942}") = "Task_3", "Task_3\Task_3.vcxproj", "{2C444902-2EA4-4598-8F3D-ADFE74D536B2}"
EndProject
Project("{8BC9CEB8-8B4A-11D0-8D11-00A0C91BC942}") = "Task_4", "Task_4\Task_4.vcxproj", "{AB5C014B-2C79-48D8-9064-8F939E06A4F3}"
EndProject
Project("{8BC9CEB8-8B4A-11D0-8D11-00A0C91BC942}") = "Task_6", "Task_6\Task_6.vcxproj", "{388FAEE3-1938-44B3-B089-95D6D71E75F6}"
EndProject
Project("{8BC9CEB8-8B4A-11D0-8D11-00A0C91BC942}") = "Task_5", "Task_5\Task_5.vcxproj", "{3D12917E-0328-44DD-8282-893299A5FF6B}"
EndProject
Project("{8BC9CEB8-8B4A-11D0-8D11-00A0C91BC942}") = "Task_7", "Task_7\Task_7.vcxproj", "{99E9F651-EAE6-4855-B4F6-4D97A6569BF8}"
EndProject
Project("{8BC9CEB8-8B4A-11D0-8D11-00A0C91BC942}") = "Task_8", "Task_8\Task_8.vcxproj", "{123709DB-93A8-4221-A086-64210F6476EC}"
EndProject
Project("{8BC9CEB8-8B4A-11D0-8D11-00A0C91BC942}") = "Task_9", "Task_9\Task_9.vcxproj", "{88E92C2B-CE84-4253-BE38-257CC8DE3FCE}"
EndProject
Project("{2150E333-8FDC-42A3-9474-1A3956D46DE8}") = "Tests", "Tests", "{CF88F0A0-1327-4975-BEBF-88D53C1FAF34}"
EndProject
Project("{8BC9CEB8-8B4A-11D0-8D11-00A0C91BC942}") = "Test_1", "Test_1\Test_1.vcxproj", "{C7D557AC-E290-493A-A49B-BE5D123DA295}"
EndProject
Project("{8BC9CEB8-8B4A-11D0-8D11-00A0C91BC942}") = "Test_2", "Test_2\Test_2.vcxproj", "{FA89BD71-B0C4-4AB3-B9D3-5AED29F27224}"
EndProject
Project("{8BC9CEB8-8B4A-11D0-8D11-00A0C91BC942}") = "Test_3", "Test_3\Test_3.vcxproj", "{17B4E503-4101-415C-9300-7FE8CAF73F6B}"
EndProject
Project("{8BC9CEB8-8B4A-11D0-8D11-00A0C91BC942}") = "Test_4", "Test_4\Test_4.vcxproj", "{38EE279F-0F3E-4CBE-9EEA-CDA66EB68BCB}"
EndProject
Project("{8BC9CEB8-8B4A-11D0-8D11-00A0C91BC942}") = "Test_5", "Test_5\Test_5.vcxproj", "{44C8EFEC-8F0F-4EF5-9628-32DEE34E8F19}"
EndProject
Project("{8BC9CEB8-8B4A-11D0-8D11-00A0C91BC942}") = "Test_6", "Test6\Test6.vcxproj", "{A5606A49-F62F-4BBF-B7F6-4A7B0F69336C}"
EndProject
Project("{8BC9CEB8-8B4A-11D0-8D11-00A0C91BC942}") = "Test_7", "Test_7\Test_7.vcxproj", "{B8B0138A-639D-44C7-9D97-D91B838150BB}"
EndProject
Project("{8BC9CEB8-8B4A-11D0-8D11-00A0C91BC942}") = "Test_8", "Test_8\Test_8.vcxproj", "{F79C3144-5600-4E79-AB88-D02B18808F3D}"
EndProject
Project("{8BC9CEB8-8B4A-11D0-8D11-00A0C91BC942}") = "Test_9", "Test_9\Test_9.vcxproj", "{8F9DD93D-A1ED-43A5-892D-52CE1E4526E2}"
EndProject
Global
	GlobalSection(SolutionConfigurationPlatforms) = preSolution
		Debug|x64 = Debug|x64
		Debug|x86 = Debug|x86
		Release|x64 = Release|x64
		Release|x86 = Release|x86
	EndGlobalSection
	GlobalSection(ProjectConfigurationPlatforms) = postSolution
		{930AFCD8-ED18-4772-AFFF-9F6523376CB8}.Debug|x64.ActiveCfg = Debug|x64
		{930AFCD8-ED18-4772-AFFF-9F6523376CB8}.Debug|x64.Build.0 = Debug|x64
		{930AFCD8-ED18-4772-AFFF-9F6523376CB8}.Debug|x86.ActiveCfg = Debug|Win32
		{930AFCD8-ED18-4772-AFFF-9F6523376CB8}.Debug|x86.Build.0 = Debug|Win32
		{930AFCD8-ED18-4772-AFFF-9F6523376CB8}.Release|x64.ActiveCfg = Release|x64
		{930AFCD8-ED18-4772-AFFF-9F6523376CB8}.Release|x64.Build.0 = Release|x64
		{930AFCD8-ED18-4772-AFFF-9F6523376CB8}.Release|x86.ActiveCfg = Release|Win32
		{930AFCD8-ED18-4772-AFFF-9F6523376CB8}.Release|x86.Build.0 = Release|Win32
		{09A3FB10-6B77-4AFF-9B10-EC9D9E39A60D}.Debug|x64.ActiveCfg = Debug|x64
		{09A3FB10-6B77-4AFF-9B10-EC9D9E39A60D}.Debug|x64.Build.0 = Debug|x64
		{09A3FB10-6B77-4AFF-9B10-EC9D9E39A60D}.Debug|x86.ActiveCfg = Debug|Win32
		{09A3FB10-6B77-4AFF-9B10-EC9D9E39A60D}.Debug|x86.Build.0 = Debug|Win32
		{09A3FB10-6B77-4AFF-9B10-EC9D9E39A60D}.Release|x64.ActiveCfg = Release|x64
		{09A3FB10-6B77-4AFF-9B10-EC9D9E39A60D}.Release|x64.Build.0 = Release|x64
		{09A3FB10-6B77-4AFF-9B10-EC9D9E39A60D}.Release|x86.ActiveCfg = Release|Win32
		{09A3FB10-6B77-4AFF-9B10-EC9D9E39A60D}.Release|x86.Build.0 = Release|Win32
		{2C444902-2EA4-4598-8F3D-ADFE74D536B2}.Debug|x64.ActiveCfg = Debug|x64
		{2C444902-2EA4-4598-8F3D-ADFE74D536B2}.Debug|x64.Build.0 = Debug|x64
		{2C444902-2EA4-4598-8F3D-ADFE74D536B2}.Debug|x86.ActiveCfg = Debug|Win32
		{2C444902-2EA4-4598-8F3D-ADFE74D536B2}.Debug|x86.Build.0 = Debug|Win32
		{2C444902-2EA4-4598-8F3D-ADFE74D536B2}.Release|x64.ActiveCfg = Release|x64
		{2C444902-2EA4-4598-8F3D-ADFE74D536B2}.Release|x64.Build.0 = Release|x64
		{2C444902-2EA4-4598-8F3D-ADFE74D536B2}.Release|x86.ActiveCfg = Release|Win32
		{2C444902-2EA4-4598-8F3D-ADFE74D536B2}.Release|x86.Build.0 = Release|Win32
		{AB5C014B-2C79-48D8-9064-8F939E06A4F3}.Debug|x64.ActiveCfg = Debug|x64
		{AB5C014B-2C79-48D8-9064-8F939E06A4F3}.Debug|x64.Build.0 = Debug|x64
		{AB5C014B-2C79-48D8-9064-8F939E06A4F3}.Debug|x86.ActiveCfg = Debug|Win32
		{AB5C014B-2C79-48D8-9064-8F939E06A4F3}.Debug|x86.Build.0 = Debug|Win32
		{AB5C014B-2C79-48D8-9064-8F939E06A4F3}.Release|x64.ActiveCfg = Release|x64
		{AB5C014B-2C79-48D8-9064-8F939E06A4F3}.Release|x64.Build.0 = Release|x64
		{AB5C014B-2C79-48D8-9064-8F939E06A4F3}.Release|x86.ActiveCfg = Release|Win32
		{AB5C014B-2C79-48D8-9064-8F939E06A4F3}.Release|x86.Build.0 = Release|Win32
		{388FAEE3-1938-44B3-B089-95D6D71E75F6}.Debug|x64.ActiveCfg = Debug|x64
		{388FAEE3-1938-44B3-B089-95D6D71E75F6}.Debug|x64.Build.0 = Debug|x64
		{388FAEE3-1938-44B3-B089-95D6D71E75F6}.Debug|x86.ActiveCfg = Debug|Win32
		{388FAEE3-1938-44B3-B089-95D6D71E75F6}.Debug|x86.Build.0 = Debug|Win32
		{388FAEE3-1938-44B3-B089-95D6D71E75F6}.Release|x64.ActiveCfg = Release|x64
		{388FAEE3-1938-44B3-B089-95D6D71E75F6}.Release|x64.Build.0 = Release|x64
		{388FAEE3-1938-44B3-B089-95D6D71E75F6}.Release|x86.ActiveCfg = Release|Win32
		{388FAEE3-1938-44B3-B089-95D6D71E75F6}.Release|x86.Build.0 = Release|Win32
		{3D12917E-0328-44DD-8282-893299A5FF6B}.Debug|x64.ActiveCfg = Debug|x64
		{3D12917E-0328-44DD-8282-893299A5FF6B}.Debug|x64.Build.0 = Debug|x64
		{3D12917E-0328-44DD-8282-893299A5FF6B}.Debug|x86.ActiveCfg = Debug|Win32
		{3D12917E-0328-44DD-8282-893299A5FF6B}.Debug|x86.Build.0 = Debug|Win32
		{3D12917E-0328-44DD-8282-893299A5FF6B}.Release|x64.ActiveCfg = Release|x64
		{3D12917E-0328-44DD-8282-893299A5FF6B}.Release|x64.Build.0 = Release|x64
		{3D12917E-0328-44DD-8282-893299A5FF6B}.Release|x86.ActiveCfg = Release|Win32
		{3D12917E-0328-44DD-8282-893299A5FF6B}.Release|x86.Build.0 = Release|Win32
		{99E9F651-EAE6-4855-B4F6-4D97A6569BF8}.Debug|x64.ActiveCfg = Debug|x64
		{99E9F651-EAE6-4855-B4F6-4D97A6569BF8}.Debug|x64.Build.0 = Debug|x64
		{99E9F651-EAE6-4855-B4F6-4D97A6569BF8}.Debug|x86.ActiveCfg = Debug|Win32
		{99E9F651-EAE6-4855-B4F6-4D97A6569BF8}.Debug|x86.Build.0 = Debug|Win32
		{99E9F651-EAE6-4855-B4F6-4D97A6569BF8}.Release|x64.ActiveCfg = Release|x64
		{99E9F651-EAE6-4855-B4F6-4D97A6569BF8}.Release|x64.Build.0 = Release|x64
		{99E9F651-EAE6-4855-B4F6-4D97A6569BF8}.Release|x86.ActiveCfg = Release|Win32
		{99E9F651-EAE6-4855-B4F6-4D97A6569BF8}.Release|x86.Build.0 = Release|Win32
		{123709DB-93A8-4221-A086-64210F6476EC}.Debug|x64.ActiveCfg = Debug|x64
		{123709DB-93A8-4221-A086-64210F6476EC}.Debug|x64.Build.0 = Debug|x64
		{123709DB-93A8-4221-A086-64210F6476EC}.Debug|x86.ActiveCfg = Debug|Win32
		{123709DB-93A8-4221-A086-64210F6476EC}.Debug|x86.Build.0 = Debug|Win32
		{123709DB-93A8-4221-A086-64210F6476EC}.Release|x64.ActiveCfg = Release|x64
		{123709DB-93A8-4221-A086-64210F6476EC}.Release|x64.Build.0 = Release|x64
		{123709DB-93A8-4221-A086-64210F6476EC}.Release|x86.ActiveCfg = Release|Win32
		{123709DB-93A8-4221-A086-64210F6476EC}.Release|x86.Build.0 = Release|Win32
		{88E92C2B-CE84-4253-BE38-257CC8DE3FCE}.Debug|x64.ActiveCfg = Debug|x64
		{88E92C2B-CE84-4253-BE38-257CC8DE3FCE}.Debug|x64.Build.0 = Debug|x64
		{88E92C2B-CE84-4253-BE38-257CC8DE3FCE}.Debug|x86.ActiveCfg = Debug|Win32
		{88E92C2B-CE84-4253-BE38-257CC8DE3FCE}.Debug|x86.Build.0 = Debug|Win32
		{88E92C2B-CE84-4253-BE38-257CC8DE3FCE}.Release|x64.ActiveCfg = Release|x64
		{88E92C2B-CE84-4253-BE38-257CC8DE3FCE}.Release|x64.Build.0 = Release|x64
		{88E92C2B-CE84-4253-BE38-257CC8DE3FCE}.Release|x86.ActiveCfg = Release|Win32
		{88E92C2B-CE84-4253-BE38-257CC8DE3FCE}.Release|x86.Build.0 = Release|Win32
		{C7D557AC-E290-493A-A49B-BE5D123DA295}.Debug|x64.ActiveCfg = Debug|x64
		{C7D557AC-E290-493A-A49B-BE5D123DA295}.Debug|x64.Build.0 = Debug|x64
		{C7D557AC-E290-493A-A49B-BE5D123DA295}.Debug|x86.ActiveCfg = Debug|Win32
		{C7D557AC-E290-493A-A49B-BE5D123DA295}.Debug|x86.Build.0 = Debug|Win32
		{C7D557AC-E290-493A-A49B-BE5D123DA295}.Release|x64.ActiveCfg = Release|x64
		{C7D557AC-E290-493A-A49B-BE5D123DA295}.Release|x64.Build.0 = Release|x64
		{C7D557AC-E290-493A-A49B-BE5D123DA295}.Release|x86.ActiveCfg = Release|Win32
		{C7D557AC-E290-493A-A49B-BE5D123DA295}.Release|x86.Build.0 = Release|Win32
		{FA89BD71-B0C4-4AB3-B9D3-5AED29F27224}.Debug|x64.ActiveCfg = Debug|x64
		{FA89BD71-B0C4-4AB3-B9D3-5AED29F27224}.Debug|x64.Build.0 = Debug|x64
		{FA89BD71-B0C4-4AB3-B9D3-5AED29F27224}.Debug|x86.ActiveCfg = Debug|Win32
		{FA89BD71-B0C4-4AB3-B9D3-5AED29F27224}.Debug|x86.Build.0 = Debug|Win32
		{FA89BD71-B0C4-4AB3-B9D3-5AED29F27224}.Release|x64.ActiveCfg = Release|x64
		{FA89BD71-B0C4-4AB3-B9D3-5AED29F27224}.Release|x64.Build.0 = Release|x64
		{FA89BD71-B0C4-4AB3-B9D3-5AED29F27224}.Release|x86.ActiveCfg = Release|Win32
		{FA89BD71-B0C4-4AB3-B9D3-5AED29F27224}.Release|x86.Build.0 = Release|Win32
		{17B4E503-4101-415C-9300-7FE8CAF73F6B}.Debug|x64.ActiveCfg = Debug|x64
		{17B4E503-4101-415C-9300-7FE8CAF73F6B}.Debug|x64.Build.0 = Debug|x64
		{17B4E503-4101-415C-9300-7FE8CAF73F6B}.Debug|x86.ActiveCfg = Debug|Win32
		{17B4E503-4101-415C-9300-7FE8CAF73F6B}.Debug|x86.Build.0 = Debug|Win32
		{17B4E503-4101-415C-9300-7FE8CAF73F6B}.Release|x64.ActiveCfg = Release|x64
		{17B4E503-4101-415C-9300-7FE8CAF73F6B}.Release|x64.Build.0 = Release|x64
		{17B4E503-4101-415C-9300-7FE8CAF73F6B}.Release|x86.ActiveCfg = Release|Win32
		{17B4E503-4101-415C-9300-7FE8CAF73F6B}.Release|x86.Build.0 = Release|Win32
		{38EE279F-0F3E-4CBE-9EEA-CDA66EB68BCB}.Debug|x64.ActiveCfg = Debug|x64
		{38EE279F-0F3E-4CBE-9EEA-CDA66EB68BCB}.Debug|x64.Build.0 = Debug|x64
		{38EE279F-0F3E-4CBE-9EEA-CDA66EB68BCB}.Debug|x86.ActiveCfg = Debug|Win32
		{38EE279F-0F3E-4CBE-9EEA-CDA66EB68BCB}.Debug|x86.Build.0 = Debug|Win32
		{38EE279F-0F3E-4CBE-9EEA-CDA66EB68BCB}.Release|x64.ActiveCfg = Release|x64
		{38EE279F-0F3E-4CBE-9EEA-CDA66EB68BCB}.Release|x64.Build.0 = Release|x64
		{38EE279F-0F3E-4CBE-9EEA-CDA66EB68BCB}.Release|x86.ActiveCfg = Release|Win32
		{38EE279F-0F3E-4CBE-9EEA-CDA66EB68BCB}.Release|x86.Build.0 = Release|Win32
		{44C8EFEC-8F0F-4EF5-9628-32DEE34E8F19}.Debug|x64.ActiveCfg = Debug|x64
		{44C8EFEC-8F0F-4EF5-9628-32DEE34E8F19}.Debug|x64.Build.0 = Debug|x64
		{44C8EFEC-8F0F-4EF5-9628-32DEE34E8F19}.Debug|x86.ActiveCfg = Debug|Win32
		{44C8EFEC-8F0F-4EF5-9628-32DEE34E8F19}.Debug|x86.Build.0 = Debug|Win32
		{44C8EFEC-8F0F-4EF5-9628-32DEE34E8F19}.Release|x64.ActiveCfg = Release|x64
		{44C8EFEC-8F0F-4EF5-9628-32DEE34E8F19}.Release|x64.Build.0 = Release|x64
		{44C8EFEC-8F0F-4EF5-9628-32DEE34E8F19}.Release|x86.ActiveCfg = Release|Win32
		{44C8EFEC-8F0F-4EF5-9628-32DEE34E8F19}.Release|x86.Build.0 = Release|Win32
		{A5606A49-F62F-4BBF-B7F6-4A7B0F69336C}.Debug|x64.ActiveCfg = Debug|x64
		{A5606A49-F62F-4BBF-B7F6-4A7B0F69336C}.Debug|x64.Build.0 = Debug|x64
		{A5606A49-F62F-4BBF-B7F6-4A7B0F69336C}.Debug|x86.ActiveCfg = Debug|Win32
		{A5606A49-F62F-4BBF-B7F6-4A7B0F69336C}.Debug|x86.Build.0 = Debug|Win32
		{A5606A49-F62F-4BBF-B7F6-4A7B0F69336C}.Release|x64.ActiveCfg = Release|x64
		{A5606A49-F62F-4BBF-B7F6-4A7B0F69336C}.Release|x64.Build.0 = Release|x64
		{A5606A49-F62F-4BBF-B7F6-4A7B0F69336C}.Release|x86.ActiveCfg = Release|Win32
		{A5606A49-F62F-4BBF-B7F6-4A7B0F69336C}.Release|x86.Build.0 = Release|Win32
		{B8B0138A-639D-44C7-9D97-D91B838150BB}.Debug|x64.ActiveCfg = Debug|x64
		{B8B0138A-639D-44C7-9D97-D91B838150BB}.Debug|x64.Build.0 = Debug|x64
		{B8B0138A-639D-44C7-9D97-D91B838150BB}.Debug|x86.ActiveCfg = Debug|Win32
		{B8B0138A-639D-44C7-9D97-D91B838150BB}.Debug|x86.Build.0 = Debug|Win32
		{B8B0138A-639D-44C7-9D97-D91B838150BB}.Release|x64.ActiveCfg = Release|x64
		{B8B0138A-639D-44C7-9D97-D91B838150BB}.Release|x64.Build.0 = Release|x64
		{B8B0138A-639D-44C7-9D97-D91B838150BB}.Release|x86.ActiveCfg = Release|Win32
		{B8B0138A-639D-44C7-9D97-D91B838150BB}.Release|x86.Build.0 = Release|Win32
		{F79C3144-5600-4E79-AB88-D02B18808F3D}.Debug|x64.ActiveCfg = Debug|x64
		{F79C3144-5600-4E79-AB88-D02B18808F3D}.Debug|x64.Build.0 = Debug|x64
		{F79C3144-5600-4E79-AB88-D02B18808F3D}.Debug|x86.ActiveCfg = Debug|Win32
		{F79C3144-5600-4E79-AB88-D02B18808F3D}.Debug|x86.Build.0 = Debug|Win32
		{F79C3144-5600-4E79-AB88-D02B18808F3D}.Release|x64.ActiveCfg = Release|x64
		{F79C3144-5600-4E79-AB88-D02B18808F3D}.Release|x64.Build.0 = Release|x64
		{F79C3144-5600-4E79-AB88-D02B18808F3D}.Release|x86.ActiveCfg = Release|Win32
		{F79C3144-5600-4E79-AB88-D02B18808F3D}.Release|x86.Build.0 = Release|Win32
		{8F9DD93D-A1ED-43A5-892D-52CE1E4526E2}.Debug|x64.ActiveCfg = Debug|x64
		{8F9DD93D-A1ED-43A5-892D-52CE1E4526E2}.Debug|x64.Build.0 = Debug|x64
		{8F9DD93D-A1ED-43A5-892D-52CE1E4526E2}.Debug|x86.ActiveCfg = Debug|Win32
		{8F9DD93D-A1ED-43A5-892D-52CE1E4526E2}.Debug|x86.Build.0 = Debug|Win32
		{8F9DD93D-A1ED-43A5-892D-52CE1E4526E2}.Release|x64.ActiveCfg = Release|x64
		{8F9DD93D-A1ED-43A5-892D-52CE1E4526E2}.Release|x64.Build.0 = Release|x64
		{8F9DD93D-A1ED-43A5-892D-52CE1E4526E2}.Release|x86.ActiveCfg = Release|Win32
		{8F9DD93D-A1ED-43A5-892D-52CE1E4526E2}.Release|x86.Build.0 = Release|Win32
	EndGlobalSection
	GlobalSection(SolutionProperties) = preSolution
		HideSolutionNode = FALSE
	EndGlobalSection
	GlobalSection(NestedProjects) = preSolution
		{C7D557AC-E290-493A-A49B-BE5D123DA295} = {CF88F0A0-1327-4975-BEBF-88D53C1FAF34}
		{FA89BD71-B0C4-4AB3-B9D3-5AED29F27224} = {CF88F0A0-1327-4975-BEBF-88D53C1FAF34}
		{17B4E503-4101-415C-9300-7FE8CAF73F6B} = {CF88F0A0-1327-4975-BEBF-88D53C1FAF34}
		{38EE279F-0F3E-4CBE-9EEA-CDA66EB68BCB} = {CF88F0A0-1327-4975-BEBF-88D53C1FAF34}
		{44C8EFEC-8F0F-4EF5-9628-32DEE34E8F19} = {CF88F0A0-1327-4975-BEBF-88D53C1FAF34}
		{A5606A49-F62F-4BBF-B7F6-4A7B0F69336C} = {CF88F0A0-1327-4975-BEBF-88D53C1FAF34}
		{B8B0138A-639D-44C7-9D97-D91B838150BB} = {CF88F0A0-1327-4975-BEBF-88D53C1FAF34}
		{F79C3144-5600-4E79-AB88-D02B18808F3D} = {CF88F0A0-1327-4975-BEBF-88D53C1FAF34}
		{8F9DD93D-A1ED-43A5-892D-52CE1E4526E2} = {CF88F0A0-1327-4975-BEBF-88D53C1FAF34}
	EndGlobalSection
	GlobalSection(ExtensibilityGlobals) = postSolution
		SolutionGuid = {B0C2896D-A31C-4B60-B30C-2916F4BE75AC}
	EndGlobalSection
EndGlobal
