
Microsoft Visual Studio Solution File, Format Version 12.00
# Visual Studio Version 16
VisualStudioVersion = 16.0.29926.136
MinimumVisualStudioVersion = 10.0.40219.1
Project("{8BC9CEB8-8B4A-11D0-8D11-00A0C91BC942}") = "Lab.5", "Lab.5\Lab.5.vcxproj", "{88EEAC16-4625-4CBC-8E48-370924F148F7}"
EndProject
Project("{8BC9CEB8-8B4A-11D0-8D11-00A0C91BC942}") = "Task_2", "Task_2\Task_2.vcxproj", "{97F89431-3C54-4A39-83B2-3DA28FF4EBC2}"
EndProject
Project("{8BC9CEB8-8B4A-11D0-8D11-00A0C91BC942}") = "Task_3", "Task_3\Task_3.vcxproj", "{832728E3-B6AC-47A3-98C1-F16A6C2C8C6F}"
EndProject
Project("{8BC9CEB8-8B4A-11D0-8D11-00A0C91BC942}") = "Task_4", "Task_4\Task_4.vcxproj", "{E360CE78-C196-4545-9AA5-7C150C4848B1}"
EndProject
Project("{8BC9CEB8-8B4A-11D0-8D11-00A0C91BC942}") = "Task_5", "Task_5\Task_5.vcxproj", "{5D526ACD-CC22-44E2-8A44-01F2AA1BD11A}"
EndProject
Project("{8BC9CEB8-8B4A-11D0-8D11-00A0C91BC942}") = "Task_6", "Task_6\Task_6.vcxproj", "{B24DBC14-5F28-410B-B40B-CC837B861791}"
EndProject
Project("{8BC9CEB8-8B4A-11D0-8D11-00A0C91BC942}") = "Task_7", "Task_7\Task_7.vcxproj", "{AB3459AD-1A15-4166-9611-61592A6F1ED9}"
EndProject
Project("{8BC9CEB8-8B4A-11D0-8D11-00A0C91BC942}") = "Task_8", "Task_8\Task_8.vcxproj", "{24686D71-8845-40E4-93CC-9344B8CE1E40}"
EndProject
Project("{8BC9CEB8-8B4A-11D0-8D11-00A0C91BC942}") = "DinamicLibForTask2", "DinamicLibForTask2\DinamicLibForTask2.vcxproj", "{91C3CADB-766B-47F3-9A86-6E10A499999C}"
EndProject
Project("{2150E333-8FDC-42A3-9474-1A3956D46DE8}") = "tests", "tests", "{B8BED466-43D5-451D-ACF0-F9744C58B4DA}"
EndProject
Project("{8BC9CEB8-8B4A-11D0-8D11-00A0C91BC942}") = "test1", "test1\test1.vcxproj", "{39FE02C9-5896-47BC-9A3E-7CBB33F0BC5C}"
EndProject
Project("{8BC9CEB8-8B4A-11D0-8D11-00A0C91BC942}") = "test2", "test2\test2.vcxproj", "{07C00607-D1A3-4C25-BD2F-22B7B9122E17}"
EndProject
Project("{8BC9CEB8-8B4A-11D0-8D11-00A0C91BC942}") = "test7", "test7\test7.vcxproj", "{633A21C2-D1E4-4637-909F-AE27CB59F277}"
EndProject
Project("{8BC9CEB8-8B4A-11D0-8D11-00A0C91BC942}") = "test3", "test3\test3.vcxproj", "{0A861307-46FC-4E12-AB0E-789D46B31040}"
EndProject
Project("{8BC9CEB8-8B4A-11D0-8D11-00A0C91BC942}") = "test6", "test6\test6.vcxproj", "{EC7E6F50-C77B-4757-A03B-741F536784F0}"
EndProject
Project("{8BC9CEB8-8B4A-11D0-8D11-00A0C91BC942}") = "test4", "test4\test4.vcxproj", "{E9325D5B-782F-4F36-AFFA-36EF06D207CA}"
EndProject
Project("{8BC9CEB8-8B4A-11D0-8D11-00A0C91BC942}") = "test_8", "test_8\test_8.vcxproj", "{8850033D-91CC-404B-979E-CCA79D019643}"
EndProject
Project("{8BC9CEB8-8B4A-11D0-8D11-00A0C91BC942}") = "test5", "test5\test5.vcxproj", "{058CE9F5-D471-455E-8090-F19A2121437E}"
EndProject
Global
	GlobalSection(SolutionConfigurationPlatforms) = preSolution
		Debug|x64 = Debug|x64
		Debug|x86 = Debug|x86
		Release|x64 = Release|x64
		Release|x86 = Release|x86
	EndGlobalSection
	GlobalSection(ProjectConfigurationPlatforms) = postSolution
		{88EEAC16-4625-4CBC-8E48-370924F148F7}.Debug|x64.ActiveCfg = Debug|x64
		{88EEAC16-4625-4CBC-8E48-370924F148F7}.Debug|x64.Build.0 = Debug|x64
		{88EEAC16-4625-4CBC-8E48-370924F148F7}.Debug|x86.ActiveCfg = Debug|Win32
		{88EEAC16-4625-4CBC-8E48-370924F148F7}.Debug|x86.Build.0 = Debug|Win32
		{88EEAC16-4625-4CBC-8E48-370924F148F7}.Release|x64.ActiveCfg = Release|x64
		{88EEAC16-4625-4CBC-8E48-370924F148F7}.Release|x64.Build.0 = Release|x64
		{88EEAC16-4625-4CBC-8E48-370924F148F7}.Release|x86.ActiveCfg = Release|Win32
		{88EEAC16-4625-4CBC-8E48-370924F148F7}.Release|x86.Build.0 = Release|Win32
		{97F89431-3C54-4A39-83B2-3DA28FF4EBC2}.Debug|x64.ActiveCfg = Debug|x64
		{97F89431-3C54-4A39-83B2-3DA28FF4EBC2}.Debug|x64.Build.0 = Debug|x64
		{97F89431-3C54-4A39-83B2-3DA28FF4EBC2}.Debug|x86.ActiveCfg = Debug|Win32
		{97F89431-3C54-4A39-83B2-3DA28FF4EBC2}.Debug|x86.Build.0 = Debug|Win32
		{97F89431-3C54-4A39-83B2-3DA28FF4EBC2}.Release|x64.ActiveCfg = Release|x64
		{97F89431-3C54-4A39-83B2-3DA28FF4EBC2}.Release|x64.Build.0 = Release|x64
		{97F89431-3C54-4A39-83B2-3DA28FF4EBC2}.Release|x86.ActiveCfg = Release|Win32
		{97F89431-3C54-4A39-83B2-3DA28FF4EBC2}.Release|x86.Build.0 = Release|Win32
		{832728E3-B6AC-47A3-98C1-F16A6C2C8C6F}.Debug|x64.ActiveCfg = Debug|x64
		{832728E3-B6AC-47A3-98C1-F16A6C2C8C6F}.Debug|x64.Build.0 = Debug|x64
		{832728E3-B6AC-47A3-98C1-F16A6C2C8C6F}.Debug|x86.ActiveCfg = Debug|Win32
		{832728E3-B6AC-47A3-98C1-F16A6C2C8C6F}.Debug|x86.Build.0 = Debug|Win32
		{832728E3-B6AC-47A3-98C1-F16A6C2C8C6F}.Release|x64.ActiveCfg = Release|x64
		{832728E3-B6AC-47A3-98C1-F16A6C2C8C6F}.Release|x64.Build.0 = Release|x64
		{832728E3-B6AC-47A3-98C1-F16A6C2C8C6F}.Release|x86.ActiveCfg = Release|Win32
		{832728E3-B6AC-47A3-98C1-F16A6C2C8C6F}.Release|x86.Build.0 = Release|Win32
		{E360CE78-C196-4545-9AA5-7C150C4848B1}.Debug|x64.ActiveCfg = Debug|x64
		{E360CE78-C196-4545-9AA5-7C150C4848B1}.Debug|x64.Build.0 = Debug|x64
		{E360CE78-C196-4545-9AA5-7C150C4848B1}.Debug|x86.ActiveCfg = Debug|Win32
		{E360CE78-C196-4545-9AA5-7C150C4848B1}.Debug|x86.Build.0 = Debug|Win32
		{E360CE78-C196-4545-9AA5-7C150C4848B1}.Release|x64.ActiveCfg = Release|x64
		{E360CE78-C196-4545-9AA5-7C150C4848B1}.Release|x64.Build.0 = Release|x64
		{E360CE78-C196-4545-9AA5-7C150C4848B1}.Release|x86.ActiveCfg = Release|Win32
		{E360CE78-C196-4545-9AA5-7C150C4848B1}.Release|x86.Build.0 = Release|Win32
		{5D526ACD-CC22-44E2-8A44-01F2AA1BD11A}.Debug|x64.ActiveCfg = Debug|x64
		{5D526ACD-CC22-44E2-8A44-01F2AA1BD11A}.Debug|x64.Build.0 = Debug|x64
		{5D526ACD-CC22-44E2-8A44-01F2AA1BD11A}.Debug|x86.ActiveCfg = Debug|Win32
		{5D526ACD-CC22-44E2-8A44-01F2AA1BD11A}.Debug|x86.Build.0 = Debug|Win32
		{5D526ACD-CC22-44E2-8A44-01F2AA1BD11A}.Release|x64.ActiveCfg = Release|x64
		{5D526ACD-CC22-44E2-8A44-01F2AA1BD11A}.Release|x64.Build.0 = Release|x64
		{5D526ACD-CC22-44E2-8A44-01F2AA1BD11A}.Release|x86.ActiveCfg = Release|Win32
		{5D526ACD-CC22-44E2-8A44-01F2AA1BD11A}.Release|x86.Build.0 = Release|Win32
		{B24DBC14-5F28-410B-B40B-CC837B861791}.Debug|x64.ActiveCfg = Debug|x64
		{B24DBC14-5F28-410B-B40B-CC837B861791}.Debug|x64.Build.0 = Debug|x64
		{B24DBC14-5F28-410B-B40B-CC837B861791}.Debug|x86.ActiveCfg = Debug|Win32
		{B24DBC14-5F28-410B-B40B-CC837B861791}.Debug|x86.Build.0 = Debug|Win32
		{B24DBC14-5F28-410B-B40B-CC837B861791}.Release|x64.ActiveCfg = Release|x64
		{B24DBC14-5F28-410B-B40B-CC837B861791}.Release|x64.Build.0 = Release|x64
		{B24DBC14-5F28-410B-B40B-CC837B861791}.Release|x86.ActiveCfg = Release|Win32
		{B24DBC14-5F28-410B-B40B-CC837B861791}.Release|x86.Build.0 = Release|Win32
		{AB3459AD-1A15-4166-9611-61592A6F1ED9}.Debug|x64.ActiveCfg = Debug|x64
		{AB3459AD-1A15-4166-9611-61592A6F1ED9}.Debug|x64.Build.0 = Debug|x64
		{AB3459AD-1A15-4166-9611-61592A6F1ED9}.Debug|x86.ActiveCfg = Debug|Win32
		{AB3459AD-1A15-4166-9611-61592A6F1ED9}.Debug|x86.Build.0 = Debug|Win32
		{AB3459AD-1A15-4166-9611-61592A6F1ED9}.Release|x64.ActiveCfg = Release|x64
		{AB3459AD-1A15-4166-9611-61592A6F1ED9}.Release|x64.Build.0 = Release|x64
		{AB3459AD-1A15-4166-9611-61592A6F1ED9}.Release|x86.ActiveCfg = Release|Win32
		{AB3459AD-1A15-4166-9611-61592A6F1ED9}.Release|x86.Build.0 = Release|Win32
		{24686D71-8845-40E4-93CC-9344B8CE1E40}.Debug|x64.ActiveCfg = Debug|x64
		{24686D71-8845-40E4-93CC-9344B8CE1E40}.Debug|x64.Build.0 = Debug|x64
		{24686D71-8845-40E4-93CC-9344B8CE1E40}.Debug|x86.ActiveCfg = Debug|Win32
		{24686D71-8845-40E4-93CC-9344B8CE1E40}.Debug|x86.Build.0 = Debug|Win32
		{24686D71-8845-40E4-93CC-9344B8CE1E40}.Release|x64.ActiveCfg = Release|x64
		{24686D71-8845-40E4-93CC-9344B8CE1E40}.Release|x64.Build.0 = Release|x64
		{24686D71-8845-40E4-93CC-9344B8CE1E40}.Release|x86.ActiveCfg = Release|Win32
		{24686D71-8845-40E4-93CC-9344B8CE1E40}.Release|x86.Build.0 = Release|Win32
		{91C3CADB-766B-47F3-9A86-6E10A499999C}.Debug|x64.ActiveCfg = Debug|x64
		{91C3CADB-766B-47F3-9A86-6E10A499999C}.Debug|x64.Build.0 = Debug|x64
		{91C3CADB-766B-47F3-9A86-6E10A499999C}.Debug|x86.ActiveCfg = Debug|Win32
		{91C3CADB-766B-47F3-9A86-6E10A499999C}.Debug|x86.Build.0 = Debug|Win32
		{91C3CADB-766B-47F3-9A86-6E10A499999C}.Release|x64.ActiveCfg = Release|x64
		{91C3CADB-766B-47F3-9A86-6E10A499999C}.Release|x64.Build.0 = Release|x64
		{91C3CADB-766B-47F3-9A86-6E10A499999C}.Release|x86.ActiveCfg = Release|Win32
		{91C3CADB-766B-47F3-9A86-6E10A499999C}.Release|x86.Build.0 = Release|Win32
		{39FE02C9-5896-47BC-9A3E-7CBB33F0BC5C}.Debug|x64.ActiveCfg = Debug|x64
		{39FE02C9-5896-47BC-9A3E-7CBB33F0BC5C}.Debug|x64.Build.0 = Debug|x64
		{39FE02C9-5896-47BC-9A3E-7CBB33F0BC5C}.Debug|x86.ActiveCfg = Debug|Win32
		{39FE02C9-5896-47BC-9A3E-7CBB33F0BC5C}.Debug|x86.Build.0 = Debug|Win32
		{39FE02C9-5896-47BC-9A3E-7CBB33F0BC5C}.Release|x64.ActiveCfg = Release|x64
		{39FE02C9-5896-47BC-9A3E-7CBB33F0BC5C}.Release|x64.Build.0 = Release|x64
		{39FE02C9-5896-47BC-9A3E-7CBB33F0BC5C}.Release|x86.ActiveCfg = Release|Win32
		{39FE02C9-5896-47BC-9A3E-7CBB33F0BC5C}.Release|x86.Build.0 = Release|Win32
		{07C00607-D1A3-4C25-BD2F-22B7B9122E17}.Debug|x64.ActiveCfg = Debug|x64
		{07C00607-D1A3-4C25-BD2F-22B7B9122E17}.Debug|x64.Build.0 = Debug|x64
		{07C00607-D1A3-4C25-BD2F-22B7B9122E17}.Debug|x86.ActiveCfg = Debug|Win32
		{07C00607-D1A3-4C25-BD2F-22B7B9122E17}.Debug|x86.Build.0 = Debug|Win32
		{07C00607-D1A3-4C25-BD2F-22B7B9122E17}.Release|x64.ActiveCfg = Release|x64
		{07C00607-D1A3-4C25-BD2F-22B7B9122E17}.Release|x64.Build.0 = Release|x64
		{07C00607-D1A3-4C25-BD2F-22B7B9122E17}.Release|x86.ActiveCfg = Release|Win32
		{07C00607-D1A3-4C25-BD2F-22B7B9122E17}.Release|x86.Build.0 = Release|Win32
		{633A21C2-D1E4-4637-909F-AE27CB59F277}.Debug|x64.ActiveCfg = Debug|x64
		{633A21C2-D1E4-4637-909F-AE27CB59F277}.Debug|x64.Build.0 = Debug|x64
		{633A21C2-D1E4-4637-909F-AE27CB59F277}.Debug|x86.ActiveCfg = Debug|Win32
		{633A21C2-D1E4-4637-909F-AE27CB59F277}.Debug|x86.Build.0 = Debug|Win32
		{633A21C2-D1E4-4637-909F-AE27CB59F277}.Release|x64.ActiveCfg = Release|x64
		{633A21C2-D1E4-4637-909F-AE27CB59F277}.Release|x64.Build.0 = Release|x64
		{633A21C2-D1E4-4637-909F-AE27CB59F277}.Release|x86.ActiveCfg = Release|Win32
		{633A21C2-D1E4-4637-909F-AE27CB59F277}.Release|x86.Build.0 = Release|Win32
		{0A861307-46FC-4E12-AB0E-789D46B31040}.Debug|x64.ActiveCfg = Debug|x64
		{0A861307-46FC-4E12-AB0E-789D46B31040}.Debug|x64.Build.0 = Debug|x64
		{0A861307-46FC-4E12-AB0E-789D46B31040}.Debug|x86.ActiveCfg = Debug|Win32
		{0A861307-46FC-4E12-AB0E-789D46B31040}.Debug|x86.Build.0 = Debug|Win32
		{0A861307-46FC-4E12-AB0E-789D46B31040}.Release|x64.ActiveCfg = Release|x64
		{0A861307-46FC-4E12-AB0E-789D46B31040}.Release|x64.Build.0 = Release|x64
		{0A861307-46FC-4E12-AB0E-789D46B31040}.Release|x86.ActiveCfg = Release|Win32
		{0A861307-46FC-4E12-AB0E-789D46B31040}.Release|x86.Build.0 = Release|Win32
		{EC7E6F50-C77B-4757-A03B-741F536784F0}.Debug|x64.ActiveCfg = Debug|x64
		{EC7E6F50-C77B-4757-A03B-741F536784F0}.Debug|x64.Build.0 = Debug|x64
		{EC7E6F50-C77B-4757-A03B-741F536784F0}.Debug|x86.ActiveCfg = Debug|Win32
		{EC7E6F50-C77B-4757-A03B-741F536784F0}.Debug|x86.Build.0 = Debug|Win32
		{EC7E6F50-C77B-4757-A03B-741F536784F0}.Release|x64.ActiveCfg = Release|x64
		{EC7E6F50-C77B-4757-A03B-741F536784F0}.Release|x64.Build.0 = Release|x64
		{EC7E6F50-C77B-4757-A03B-741F536784F0}.Release|x86.ActiveCfg = Release|Win32
		{EC7E6F50-C77B-4757-A03B-741F536784F0}.Release|x86.Build.0 = Release|Win32
		{E9325D5B-782F-4F36-AFFA-36EF06D207CA}.Debug|x64.ActiveCfg = Debug|x64
		{E9325D5B-782F-4F36-AFFA-36EF06D207CA}.Debug|x64.Build.0 = Debug|x64
		{E9325D5B-782F-4F36-AFFA-36EF06D207CA}.Debug|x86.ActiveCfg = Debug|Win32
		{E9325D5B-782F-4F36-AFFA-36EF06D207CA}.Debug|x86.Build.0 = Debug|Win32
		{E9325D5B-782F-4F36-AFFA-36EF06D207CA}.Release|x64.ActiveCfg = Release|x64
		{E9325D5B-782F-4F36-AFFA-36EF06D207CA}.Release|x64.Build.0 = Release|x64
		{E9325D5B-782F-4F36-AFFA-36EF06D207CA}.Release|x86.ActiveCfg = Release|Win32
		{E9325D5B-782F-4F36-AFFA-36EF06D207CA}.Release|x86.Build.0 = Release|Win32
		{8850033D-91CC-404B-979E-CCA79D019643}.Debug|x64.ActiveCfg = Debug|x64
		{8850033D-91CC-404B-979E-CCA79D019643}.Debug|x64.Build.0 = Debug|x64
		{8850033D-91CC-404B-979E-CCA79D019643}.Debug|x86.ActiveCfg = Debug|Win32
		{8850033D-91CC-404B-979E-CCA79D019643}.Debug|x86.Build.0 = Debug|Win32
		{8850033D-91CC-404B-979E-CCA79D019643}.Release|x64.ActiveCfg = Release|x64
		{8850033D-91CC-404B-979E-CCA79D019643}.Release|x64.Build.0 = Release|x64
		{8850033D-91CC-404B-979E-CCA79D019643}.Release|x86.ActiveCfg = Release|Win32
		{8850033D-91CC-404B-979E-CCA79D019643}.Release|x86.Build.0 = Release|Win32
		{058CE9F5-D471-455E-8090-F19A2121437E}.Debug|x64.ActiveCfg = Debug|x64
		{058CE9F5-D471-455E-8090-F19A2121437E}.Debug|x64.Build.0 = Debug|x64
		{058CE9F5-D471-455E-8090-F19A2121437E}.Debug|x86.ActiveCfg = Debug|Win32
		{058CE9F5-D471-455E-8090-F19A2121437E}.Debug|x86.Build.0 = Debug|Win32
		{058CE9F5-D471-455E-8090-F19A2121437E}.Release|x64.ActiveCfg = Release|x64
		{058CE9F5-D471-455E-8090-F19A2121437E}.Release|x64.Build.0 = Release|x64
		{058CE9F5-D471-455E-8090-F19A2121437E}.Release|x86.ActiveCfg = Release|Win32
		{058CE9F5-D471-455E-8090-F19A2121437E}.Release|x86.Build.0 = Release|Win32
	EndGlobalSection
	GlobalSection(SolutionProperties) = preSolution
		HideSolutionNode = FALSE
	EndGlobalSection
	GlobalSection(NestedProjects) = preSolution
		{39FE02C9-5896-47BC-9A3E-7CBB33F0BC5C} = {B8BED466-43D5-451D-ACF0-F9744C58B4DA}
		{07C00607-D1A3-4C25-BD2F-22B7B9122E17} = {B8BED466-43D5-451D-ACF0-F9744C58B4DA}
		{633A21C2-D1E4-4637-909F-AE27CB59F277} = {B8BED466-43D5-451D-ACF0-F9744C58B4DA}
		{0A861307-46FC-4E12-AB0E-789D46B31040} = {B8BED466-43D5-451D-ACF0-F9744C58B4DA}
		{EC7E6F50-C77B-4757-A03B-741F536784F0} = {B8BED466-43D5-451D-ACF0-F9744C58B4DA}
		{E9325D5B-782F-4F36-AFFA-36EF06D207CA} = {B8BED466-43D5-451D-ACF0-F9744C58B4DA}
		{8850033D-91CC-404B-979E-CCA79D019643} = {B8BED466-43D5-451D-ACF0-F9744C58B4DA}
		{058CE9F5-D471-455E-8090-F19A2121437E} = {B8BED466-43D5-451D-ACF0-F9744C58B4DA}
	EndGlobalSection
	GlobalSection(ExtensibilityGlobals) = postSolution
		SolutionGuid = {2D0EAF7A-0716-4C63-985F-184F6752D80B}
	EndGlobalSection
EndGlobal
